
Microsoft Visual Studio Solution File, Format Version 12.00
# Visual Studio Version 17
VisualStudioVersion = 17.3.32929.385
MinimumVisualStudioVersion = 10.0.40219.1
Project("{FAE04EC0-301F-11D3-BF4B-00C04F79EFBC}") = "ModelPolosin", "ModelPolosin.csproj", "{3A99C264-E8F6-4019-8D94-8ECBAD69F689}"
EndProject
Project("{FAE04EC0-301F-11D3-BF4B-00C04F79EFBC}") = "Algorithms", "..\Algorithms\Algorithms.csproj", "{4ADAE98E-5936-4139-9BFB-B5476CC10D6A}"
EndProject
Global
	GlobalSection(SolutionConfigurationPlatforms) = preSolution
		Debug|Any CPU = Debug|Any CPU
		Release|Any CPU = Release|Any CPU
	EndGlobalSection
	GlobalSection(ProjectConfigurationPlatforms) = postSolution
		{3A99C264-E8F6-4019-8D94-8ECBAD69F689}.Debug|Any CPU.ActiveCfg = Debug|Any CPU
		{3A99C264-E8F6-4019-8D94-8ECBAD69F689}.Debug|Any CPU.Build.0 = Debug|Any CPU
		{3A99C264-E8F6-4019-8D94-8ECBAD69F689}.Release|Any CPU.ActiveCfg = Release|Any CPU
		{3A99C264-E8F6-4019-8D94-8ECBAD69F689}.Release|Any CPU.Build.0 = Release|Any CPU
		{4ADAE98E-5936-4139-9BFB-B5476CC10D6A}.Debug|Any CPU.ActiveCfg = Debug|Any CPU
		{4ADAE98E-5936-4139-9BFB-B5476CC10D6A}.Debug|Any CPU.Build.0 = Debug|Any CPU
		{4ADAE98E-5936-4139-9BFB-B5476CC10D6A}.Release|Any CPU.ActiveCfg = Release|Any CPU
		{4ADAE98E-5936-4139-9BFB-B5476CC10D6A}.Release|Any CPU.Build.0 = Release|Any CPU
	EndGlobalSection
	GlobalSection(SolutionProperties) = preSolution
		HideSolutionNode = FALSE
	EndGlobalSection
	GlobalSection(ExtensibilityGlobals) = postSolution
		SolutionGuid = {BCE4F061-2597-4721-944B-292E65912B13}
	EndGlobalSection
EndGlobal
